
Microsoft Visual Studio Solution File, Format Version 12.00
# Visual Studio 15
VisualStudioVersion = 15.0.27428.2005
MinimumVisualStudioVersion = 10.0.40219.1
Project("{FAE04EC0-301F-11D3-BF4B-00C04F79EFBC}") = "SmartLaundry", "SmartLaundry\SmartLaundry.csproj", "{D17FC816-598B-4FD8-BEA9-2951C4FA5A2F}"
EndProject
Global
	GlobalSection(SolutionConfigurationPlatforms) = preSolution
		Debug|Any CPU = Debug|Any CPU
		Release|Any CPU = Release|Any CPU
	EndGlobalSection
	GlobalSection(ProjectConfigurationPlatforms) = postSolution
		{D17FC816-598B-4FD8-BEA9-2951C4FA5A2F}.Debug|Any CPU.ActiveCfg = Debug|Any CPU
		{D17FC816-598B-4FD8-BEA9-2951C4FA5A2F}.Debug|Any CPU.Build.0 = Debug|Any CPU
		{D17FC816-598B-4FD8-BEA9-2951C4FA5A2F}.Release|Any CPU.ActiveCfg = Release|Any CPU
		{D17FC816-598B-4FD8-BEA9-2951C4FA5A2F}.Release|Any CPU.Build.0 = Release|Any CPU
	EndGlobalSection
	GlobalSection(SolutionProperties) = preSolution
		HideSolutionNode = FALSE
	EndGlobalSection
	GlobalSection(ExtensibilityGlobals) = postSolution
		SolutionGuid = {24DECF07-2CAD-4B13-A12D-4279EC3C0D7D}
	EndGlobalSection
EndGlobal
